// !$*UTF8*$!
{
	archiveVersion = 1;
	classes = {
	};
	objectVersion = 56;
	objects = {

/* Begin PBXBuildFile section */
		23E724ED2A2CE12400173719 /* AppDelegate.swift in Sources */ = {isa = PBXBuildFile; fileRef = 23E724EC2A2CE12400173719 /* AppDelegate.swift */; };
		23E724EF2A2CE12400173719 /* SceneDelegate.swift in Sources */ = {isa = PBXBuildFile; fileRef = 23E724EE2A2CE12400173719 /* SceneDelegate.swift */; };
		23E724F12A2CE12400173719 /* ViewController.swift in Sources */ = {isa = PBXBuildFile; fileRef = 23E724F02A2CE12400173719 /* ViewController.swift */; };
		23E724F42A2CE12400173719 /* Main.storyboard in Resources */ = {isa = PBXBuildFile; fileRef = 23E724F22A2CE12400173719 /* Main.storyboard */; };
		23E724F62A2CE12600173719 /* Assets.xcassets in Resources */ = {isa = PBXBuildFile; fileRef = 23E724F52A2CE12600173719 /* Assets.xcassets */; };
		23E724F92A2CE12600173719 /* LaunchScreen.storyboard in Resources */ = {isa = PBXBuildFile; fileRef = 23E724F72A2CE12600173719 /* LaunchScreen.storyboard */; };
		23E725012A2CEEEB00173719 /* PermissionManager.swift in Sources */ = {isa = PBXBuildFile; fileRef = 23E725002A2CEEEB00173719 /* PermissionManager.swift */; };
		23E725032A2D0BCB00173719 /* ResultViewController.swift in Sources */ = {isa = PBXBuildFile; fileRef = 23E725022A2D0BCB00173719 /* ResultViewController.swift */; };
		23E725052A2D116F00173719 /* Usage.swift in Sources */ = {isa = PBXBuildFile; fileRef = 23E725042A2D116F00173719 /* Usage.swift */; };
/* End PBXBuildFile section */

/* Begin PBXFileReference section */
		23E724E92A2CE12400173719 /* PermissonHandler.app */ = {isa = PBXFileReference; explicitFileType = wrapper.application; includeInIndex = 0; path = PermissonHandler.app; sourceTree = BUILT_PRODUCTS_DIR; };
		23E724EC2A2CE12400173719 /* AppDelegate.swift */ = {isa = PBXFileReference; lastKnownFileType = sourcecode.swift; path = AppDelegate.swift; sourceTree = "<group>"; };
		23E724EE2A2CE12400173719 /* SceneDelegate.swift */ = {isa = PBXFileReference; lastKnownFileType = sourcecode.swift; path = SceneDelegate.swift; sourceTree = "<group>"; };
		23E724F02A2CE12400173719 /* ViewController.swift */ = {isa = PBXFileReference; lastKnownFileType = sourcecode.swift; path = ViewController.swift; sourceTree = "<group>"; };
		23E724F32A2CE12400173719 /* Base */ = {isa = PBXFileReference; lastKnownFileType = file.storyboard; name = Base; path = Base.lproj/Main.storyboard; sourceTree = "<group>"; };
		23E724F52A2CE12600173719 /* Assets.xcassets */ = {isa = PBXFileReference; lastKnownFileType = folder.assetcatalog; path = Assets.xcassets; sourceTree = "<group>"; };
		23E724F82A2CE12600173719 /* Base */ = {isa = PBXFileReference; lastKnownFileType = file.storyboard; name = Base; path = Base.lproj/LaunchScreen.storyboard; sourceTree = "<group>"; };
		23E724FA2A2CE12600173719 /* Info.plist */ = {isa = PBXFileReference; lastKnownFileType = text.plist.xml; path = Info.plist; sourceTree = "<group>"; };
		23E725002A2CEEEB00173719 /* PermissionManager.swift */ = {isa = PBXFileReference; lastKnownFileType = sourcecode.swift; path = PermissionManager.swift; sourceTree = "<group>"; };
		23E725022A2D0BCB00173719 /* ResultViewController.swift */ = {isa = PBXFileReference; lastKnownFileType = sourcecode.swift; path = ResultViewController.swift; sourceTree = "<group>"; };
		23E725042A2D116F00173719 /* Usage.swift */ = {isa = PBXFileReference; lastKnownFileType = sourcecode.swift; path = Usage.swift; sourceTree = "<group>"; };
/* End PBXFileReference section */

/* Begin PBXFrameworksBuildPhase section */
		23E724E62A2CE12400173719 /* Frameworks */ = {
			isa = PBXFrameworksBuildPhase;
			buildActionMask = 2147483647;
			files = (
			);
			runOnlyForDeploymentPostprocessing = 0;
		};
/* End PBXFrameworksBuildPhase section */

/* Begin PBXGroup section */
		23E724E02A2CE12400173719 = {
			isa = PBXGroup;
			children = (
				23E725042A2D116F00173719 /* Usage.swift */,
				23E724EB2A2CE12400173719 /* PermissonHandler */,
				23E724EA2A2CE12400173719 /* Products */,
			);
			sourceTree = "<group>";
		};
		23E724EA2A2CE12400173719 /* Products */ = {
			isa = PBXGroup;
			children = (
				23E724E92A2CE12400173719 /* PermissonHandler.app */,
			);
			name = Products;
			sourceTree = "<group>";
		};
		23E724EB2A2CE12400173719 /* PermissonHandler */ = {
			isa = PBXGroup;
			children = (
				23E724EC2A2CE12400173719 /* AppDelegate.swift */,
				23E724EE2A2CE12400173719 /* SceneDelegate.swift */,
				23E724F02A2CE12400173719 /* ViewController.swift */,
				23E724F22A2CE12400173719 /* Main.storyboard */,
				23E725022A2D0BCB00173719 /* ResultViewController.swift */,
				23E725002A2CEEEB00173719 /* PermissionManager.swift */,
				23E724F52A2CE12600173719 /* Assets.xcassets */,
				23E724F72A2CE12600173719 /* LaunchScreen.storyboard */,
				23E724FA2A2CE12600173719 /* Info.plist */,
			);
			path = PermissonHandler;
			sourceTree = "<group>";
		};
/* End PBXGroup section */

/* Begin PBXNativeTarget section */
		23E724E82A2CE12400173719 /* PermissonHandler */ = {
			isa = PBXNativeTarget;
			buildConfigurationList = 23E724FD2A2CE12600173719 /* Build configuration list for PBXNativeTarget "PermissonHandler" */;
			buildPhases = (
				23E724E52A2CE12400173719 /* Sources */,
				23E724E62A2CE12400173719 /* Frameworks */,
				23E724E72A2CE12400173719 /* Resources */,
			);
			buildRules = (
			);
			dependencies = (
			);
			name = PermissonHandler;
			productName = PermissonHandler;
			productReference = 23E724E92A2CE12400173719 /* PermissonHandler.app */;
			productType = "com.apple.product-type.application";
		};
/* End PBXNativeTarget section */

/* Begin PBXProject section */
		23E724E12A2CE12400173719 /* Project object */ = {
			isa = PBXProject;
			attributes = {
				BuildIndependentTargetsInParallel = 1;
				LastSwiftUpdateCheck = 1420;
				LastUpgradeCheck = 1420;
				TargetAttributes = {
					23E724E82A2CE12400173719 = {
						CreatedOnToolsVersion = 14.2;
					};
				};
			};
			buildConfigurationList = 23E724E42A2CE12400173719 /* Build configuration list for PBXProject "PermissonHandler" */;
			compatibilityVersion = "Xcode 14.0";
			developmentRegion = en;
			hasScannedForEncodings = 0;
			knownRegions = (
				en,
				Base,
			);
			mainGroup = 23E724E02A2CE12400173719;
			productRefGroup = 23E724EA2A2CE12400173719 /* Products */;
			projectDirPath = "";
			projectRoot = "";
			targets = (
				23E724E82A2CE12400173719 /* PermissonHandler */,
			);
		};
/* End PBXProject section */

/* Begin PBXResourcesBuildPhase section */
		23E724E72A2CE12400173719 /* Resources */ = {
			isa = PBXResourcesBuildPhase;
			buildActionMask = 2147483647;
			files = (
				23E724F92A2CE12600173719 /* LaunchScreen.storyboard in Resources */,
				23E724F62A2CE12600173719 /* Assets.xcassets in Resources */,
				23E724F42A2CE12400173719 /* Main.storyboard in Resources */,
			);
			runOnlyForDeploymentPostprocessing = 0;
		};
/* End PBXResourcesBuildPhase section */

/* Begin PBXSourcesBuildPhase section */
		23E724E52A2CE12400173719 /* Sources */ = {
			isa = PBXSourcesBuildPhase;
			buildActionMask = 2147483647;
			files = (
				23E725032A2D0BCB00173719 /* ResultViewController.swift in Sources */,
				23E724F12A2CE12400173719 /* ViewController.swift in Sources */,
				23E724ED2A2CE12400173719 /* AppDelegate.swift in Sources */,
				23E725012A2CEEEB00173719 /* PermissionManager.swift in Sources */,
				23E724EF2A2CE12400173719 /* SceneDelegate.swift in Sources */,
				23E725052A2D116F00173719 /* Usage.swift in Sources */,
			);
			runOnlyForDeploymentPostprocessing = 0;
		};
/* End PBXSourcesBuildPhase section */

/* Begin PBXVariantGroup section */
		23E724F22A2CE12400173719 /* Main.storyboard */ = {
			isa = PBXVariantGroup;
			children = (
				23E724F32A2CE12400173719 /* Base */,
			);
			name = Main.storyboard;
			sourceTree = "<group>";
		};
		23E724F72A2CE12600173719 /* LaunchScreen.storyboard */ = {
			isa = PBXVariantGroup;
			children = (
				23E724F82A2CE12600173719 /* Base */,
			);
			name = LaunchScreen.storyboard;
			sourceTree = "<group>";
		};
/* End PBXVariantGroup section */

/* Begin XCBuildConfiguration section */
		23E724FB2A2CE12600173719 /* Debug */ = {
			isa = XCBuildConfiguration;
			buildSettings = {
				ALWAYS_SEARCH_USER_PATHS = NO;
				CLANG_ANALYZER_NONNULL = YES;
				CLANG_ANALYZER_NUMBER_OBJECT_CONVERSION = YES_AGGRESSIVE;
				CLANG_CXX_LANGUAGE_STANDARD = "gnu++20";
				CLANG_ENABLE_MODULES = YES;
				CLANG_ENABLE_OBJC_ARC = YES;
				CLANG_ENABLE_OBJC_WEAK = YES;
				CLANG_WARN_BLOCK_CAPTURE_AUTORELEASING = YES;
				CLANG_WARN_BOOL_CONVERSION = YES;
				CLANG_WARN_COMMA = YES;
				CLANG_WARN_CONSTANT_CONVERSION = YES;
				CLANG_WARN_DEPRECATED_OBJC_IMPLEMENTATIONS = YES;
				CLANG_WARN_DIRECT_OBJC_ISA_USAGE = YES_ERROR;
				CLANG_WARN_DOCUMENTATION_COMMENTS = YES;
				CLANG_WARN_EMPTY_BODY = YES;
				CLANG_WARN_ENUM_CONVERSION = YES;
				CLANG_WARN_INFINITE_RECURSION = YES;
				CLANG_WARN_INT_CONVERSION = YES;
				CLANG_WARN_NON_LITERAL_NULL_CONVERSION = YES;
				CLANG_WARN_OBJC_IMPLICIT_RETAIN_SELF = YES;
				CLANG_WARN_OBJC_LITERAL_CONVERSION = YES;
				CLANG_WARN_OBJC_ROOT_CLASS = YES_ERROR;
				CLANG_WARN_QUOTED_INCLUDE_IN_FRAMEWORK_HEADER = YES;
				CLANG_WARN_RANGE_LOOP_ANALYSIS = YES;
				CLANG_WARN_STRICT_PROTOTYPES = YES;
				CLANG_WARN_SUSPICIOUS_MOVE = YES;
				CLANG_WARN_UNGUARDED_AVAILABILITY = YES_AGGRESSIVE;
				CLANG_WARN_UNREACHABLE_CODE = YES;
				CLANG_WARN__DUPLICATE_METHOD_MATCH = YES;
				COPY_PHASE_STRIP = NO;
				DEBUG_INFORMATION_FORMAT = dwarf;
				ENABLE_STRICT_OBJC_MSGSEND = YES;
				ENABLE_TESTABILITY = YES;
				GCC_C_LANGUAGE_STANDARD = gnu11;
				GCC_DYNAMIC_NO_PIC = NO;
				GCC_NO_COMMON_BLOCKS = YES;
				GCC_OPTIMIZATION_LEVEL = 0;
				GCC_PREPROCESSOR_DEFINITIONS = (
					"DEBUG=1",
					"$(inherited)",
				);
				GCC_WARN_64_TO_32_BIT_CONVERSION = YES;
				GCC_WARN_ABOUT_RETURN_TYPE = YES_ERROR;
				GCC_WARN_UNDECLARED_SELECTOR = YES;
				GCC_WARN_UNINITIALIZED_AUTOS = YES_AGGRESSIVE;
				GCC_WARN_UNUSED_FUNCTION = YES;
				GCC_WARN_UNUSED_VARIABLE = YES;
				IPHONEOS_DEPLOYMENT_TARGET = 16.2;
				MTL_ENABLE_DEBUG_INFO = INCLUDE_SOURCE;
				MTL_FAST_MATH = YES;
				ONLY_ACTIVE_ARCH = YES;
				SDKROOT = iphoneos;
				SWIFT_ACTIVE_COMPILATION_CONDITIONS = DEBUG;
				SWIFT_OPTIMIZATION_LEVEL = "-Onone";
			};
			name = Debug;
		};
		23E724FC2A2CE12600173719 /* Release */ = {
			isa = XCBuildConfiguration;
			buildSettings = {
				ALWAYS_SEARCH_USER_PATHS = NO;
				CLANG_ANALYZER_NONNULL = YES;
				CLANG_ANALYZER_NUMBER_OBJECT_CONVERSION = YES_AGGRESSIVE;
				CLANG_CXX_LANGUAGE_STANDARD = "gnu++20";
				CLANG_ENABLE_MODULES = YES;
				CLANG_ENABLE_OBJC_ARC = YES;
				CLANG_ENABLE_OBJC_WEAK = YES;
				CLANG_WARN_BLOCK_CAPTURE_AUTORELEASING = YES;
				CLANG_WARN_BOOL_CONVERSION = YES;
				CLANG_WARN_COMMA = YES;
				CLANG_WARN_CONSTANT_CONVERSION = YES;
				CLANG_WARN_DEPRECATED_OBJC_IMPLEMENTATIONS = YES;
				CLANG_WARN_DIRECT_OBJC_ISA_USAGE = YES_ERROR;
				CLANG_WARN_DOCUMENTATION_COMMENTS = YES;
				CLANG_WARN_EMPTY_BODY = YES;
				CLANG_WARN_ENUM_CONVERSION = YES;
				CLANG_WARN_INFINITE_RECURSION = YES;
				CLANG_WARN_INT_CONVERSION = YES;
				CLANG_WARN_NON_LITERAL_NULL_CONVERSION = YES;
				CLANG_WARN_OBJC_IMPLICIT_RETAIN_SELF = YES;
				CLANG_WARN_OBJC_LITERAL_CONVERSION = YES;
				CLANG_WARN_OBJC_ROOT_CLASS = YES_ERROR;
				CLANG_WARN_QUOTED_INCLUDE_IN_FRAMEWORK_HEADER = YES;
				CLANG_WARN_RANGE_LOOP_ANALYSIS = YES;
				CLANG_WARN_STRICT_PROTOTYPES = YES;
				CLANG_WARN_SUSPICIOUS_MOVE = YES;
				CLANG_WARN_UNGUARDED_AVAILABILITY = YES_AGGRESSIVE;
				CLANG_WARN_UNREACHABLE_CODE = YES;
				CLANG_WARN__DUPLICATE_METHOD_MATCH = YES;
				COPY_PHASE_STRIP = NO;
				DEBUG_INFORMATION_FORMAT = "dwarf-with-dsym";
				ENABLE_NS_ASSERTIONS = NO;
				ENABLE_STRICT_OBJC_MSGSEND = YES;
				GCC_C_LANGUAGE_STANDARD = gnu11;
				GCC_NO_COMMON_BLOCKS = YES;
				GCC_WARN_64_TO_32_BIT_CONVERSION = YES;
				GCC_WARN_ABOUT_RETURN_TYPE = YES_ERROR;
				GCC_WARN_UNDECLARED_SELECTOR = YES;
				GCC_WARN_UNINITIALIZED_AUTOS = YES_AGGRESSIVE;
				GCC_WARN_UNUSED_FUNCTION = YES;
				GCC_WARN_UNUSED_VARIABLE = YES;
				IPHONEOS_DEPLOYMENT_TARGET = 16.2;
				MTL_ENABLE_DEBUG_INFO = NO;
				MTL_FAST_MATH = YES;
				SDKROOT = iphoneos;
				SWIFT_COMPILATION_MODE = wholemodule;
				SWIFT_OPTIMIZATION_LEVEL = "-O";
				VALIDATE_PRODUCT = YES;
			};
			name = Release;
		};
		23E724FE2A2CE12600173719 /* Debug */ = {
			isa = XCBuildConfiguration;
			buildSettings = {
				ASSETCATALOG_COMPILER_APPICON_NAME = AppIcon;
				ASSETCATALOG_COMPILER_GLOBAL_ACCENT_COLOR_NAME = AccentColor;
				CODE_SIGN_STYLE = Automatic;
				CURRENT_PROJECT_VERSION = 1;
				DEVELOPMENT_TEAM = 3Z2FQ8D579;
				GENERATE_INFOPLIST_FILE = YES;
				INFOPLIST_FILE = PermissonHandler/Info.plist;
				INFOPLIST_KEY_UIApplicationSupportsIndirectInputEvents = YES;
				INFOPLIST_KEY_UILaunchStoryboardName = LaunchScreen;
				INFOPLIST_KEY_UIMainStoryboardFile = Main;
				INFOPLIST_KEY_UISupportedInterfaceOrientations_iPad = "UIInterfaceOrientationPortrait UIInterfaceOrientationPortraitUpsideDown UIInterfaceOrientationLandscapeLeft UIInterfaceOrientationLandscapeRight";
				INFOPLIST_KEY_UISupportedInterfaceOrientations_iPhone = "UIInterfaceOrientationPortrait UIInterfaceOrientationLandscapeLeft UIInterfaceOrientationLandscapeRight";
				LD_RUNPATH_SEARCH_PATHS = (
					"$(inherited)",
					"@executable_path/Frameworks",
				);
				MARKETING_VERSION = 1.0;
				PRODUCT_BUNDLE_IDENTIFIER = com.zinlinhtetnaing.PermissonHandler;
				PRODUCT_NAME = "$(TARGET_NAME)";
				SWIFT_EMIT_LOC_STRINGS = YES;
				SWIFT_VERSION = 5.0;
				TARGETED_DEVICE_FAMILY = "1,2";
			};
			name = Debug;
		};
		23E724FF2A2CE12600173719 /* Release */ = {
			isa = XCBuildConfiguration;
			buildSettings = {
				ASSETCATALOG_COMPILER_APPICON_NAME = AppIcon;
				ASSETCATALOG_COMPILER_GLOBAL_ACCENT_COLOR_NAME = AccentColor;
				CODE_SIGN_STYLE = Automatic;
				CURRENT_PROJECT_VERSION = 1;
				DEVELOPMENT_TEAM = 3Z2FQ8D579;
				GENERATE_INFOPLIST_FILE = YES;
				INFOPLIST_FILE = PermissonHandler/Info.plist;
				INFOPLIST_KEY_UIApplicationSupportsIndirectInputEvents = YES;
				INFOPLIST_KEY_UILaunchStoryboardName = LaunchScreen;
				INFOPLIST_KEY_UIMainStoryboardFile = Main;
				INFOPLIST_KEY_UISupportedInterfaceOrientations_iPad = "UIInterfaceOrientationPortrait UIInterfaceOrientationPortraitUpsideDown UIInterfaceOrientationLandscapeLeft UIInterfaceOrientationLandscapeRight";
				INFOPLIST_KEY_UISupportedInterfaceOrientations_iPhone = "UIInterfaceOrientationPortrait UIInterfaceOrientationLandscapeLeft UIInterfaceOrientationLandscapeRight";
				LD_RUNPATH_SEARCH_PATHS = (
					"$(inherited)",
					"@executable_path/Frameworks",
				);
				MARKETING_VERSION = 1.0;
				PRODUCT_BUNDLE_IDENTIFIER = com.zinlinhtetnaing.PermissonHandler;
				PRODUCT_NAME = "$(TARGET_NAME)";
				SWIFT_EMIT_LOC_STRINGS = YES;
				SWIFT_VERSION = 5.0;
				TARGETED_DEVICE_FAMILY = "1,2";
			};
			name = Release;
		};
/* End XCBuildConfiguration section */

/* Begin XCConfigurationList section */
		23E724E42A2CE12400173719 /* Build configuration list for PBXProject "PermissonHandler" */ = {
			isa = XCConfigurationList;
			buildConfigurations = (
				23E724FB2A2CE12600173719 /* Debug */,
				23E724FC2A2CE12600173719 /* Release */,
			);
			defaultConfigurationIsVisible = 0;
			defaultConfigurationName = Release;
		};
		23E724FD2A2CE12600173719 /* Build configuration list for PBXNativeTarget "PermissonHandler" */ = {
			isa = XCConfigurationList;
			buildConfigurations = (
				23E724FE2A2CE12600173719 /* Debug */,
				23E724FF2A2CE12600173719 /* Release */,
			);
			defaultConfigurationIsVisible = 0;
			defaultConfigurationName = Release;
		};
/* End XCConfigurationList section */
	};
	rootObject = 23E724E12A2CE12400173719 /* Project object */;
}
